
Microsoft Visual Studio Solution File, Format Version 12.00
# Visual Studio Version 17
VisualStudioVersion = 17.0.31903.59
MinimumVisualStudioVersion = 10.0.40219.1
Project("{FAE04EC0-301F-11D3-BF4B-00C04F79EFBC}") = "Domain", "Domain\Domain.csproj", "{766914B2-F47B-4BB7-9906-B758CAF03D0E}"
EndProject
Project("{FAE04EC0-301F-11D3-BF4B-00C04F79EFBC}") = "Infrastructure", "Infrastructure\Infrastructure.csproj", "{1AA04E07-4500-470C-BFBA-48BB7446CCFC}"
EndProject
Project("{FAE04EC0-301F-11D3-BF4B-00C04F79EFBC}") = "Application", "Application\Application.csproj", "{FE933334-00E4-4578-B70D-03BC4FB45ABB}"
EndProject
Global
	GlobalSection(SolutionConfigurationPlatforms) = preSolution
		Debug|Any CPU = Debug|Any CPU
		Release|Any CPU = Release|Any CPU
	EndGlobalSection
	GlobalSection(SolutionProperties) = preSolution
		HideSolutionNode = FALSE
	EndGlobalSection
	GlobalSection(ProjectConfigurationPlatforms) = postSolution
		{766914B2-F47B-4BB7-9906-B758CAF03D0E}.Debug|Any CPU.ActiveCfg = Debug|Any CPU
		{766914B2-F47B-4BB7-9906-B758CAF03D0E}.Debug|Any CPU.Build.0 = Debug|Any CPU
		{766914B2-F47B-4BB7-9906-B758CAF03D0E}.Release|Any CPU.ActiveCfg = Release|Any CPU
		{766914B2-F47B-4BB7-9906-B758CAF03D0E}.Release|Any CPU.Build.0 = Release|Any CPU
		{1AA04E07-4500-470C-BFBA-48BB7446CCFC}.Debug|Any CPU.ActiveCfg = Debug|Any CPU
		{1AA04E07-4500-470C-BFBA-48BB7446CCFC}.Debug|Any CPU.Build.0 = Debug|Any CPU
		{1AA04E07-4500-470C-BFBA-48BB7446CCFC}.Release|Any CPU.ActiveCfg = Release|Any CPU
		{1AA04E07-4500-470C-BFBA-48BB7446CCFC}.Release|Any CPU.Build.0 = Release|Any CPU
		{FE933334-00E4-4578-B70D-03BC4FB45ABB}.Debug|Any CPU.ActiveCfg = Debug|Any CPU
		{FE933334-00E4-4578-B70D-03BC4FB45ABB}.Debug|Any CPU.Build.0 = Debug|Any CPU
		{FE933334-00E4-4578-B70D-03BC4FB45ABB}.Release|Any CPU.ActiveCfg = Release|Any CPU
		{FE933334-00E4-4578-B70D-03BC4FB45ABB}.Release|Any CPU.Build.0 = Release|Any CPU
	EndGlobalSection
EndGlobal
